// !$*UTF8*$!
{
	archiveVersion = 1;
	classes = {
	};
	objectVersion = 52;
	objects = {

/* Begin PBXBuildFile section */
		F9A06A3E25A45F1B0057873C /* AppDelegate.swift in Sources */ = {isa = PBXBuildFile; fileRef = F9A06A3D25A45F1B0057873C /* AppDelegate.swift */; };
		F9A06A4025A45F1B0057873C /* SceneDelegate.swift in Sources */ = {isa = PBXBuildFile; fileRef = F9A06A3F25A45F1B0057873C /* SceneDelegate.swift */; };
		F9A06A4225A45F1B0057873C /* ContentView.swift in Sources */ = {isa = PBXBuildFile; fileRef = F9A06A4125A45F1B0057873C /* ContentView.swift */; };
		F9A06A4425A45F260057873C /* Assets.xcassets in Resources */ = {isa = PBXBuildFile; fileRef = F9A06A4325A45F260057873C /* Assets.xcassets */; };
		F9A06A4725A45F260057873C /* Preview Assets.xcassets in Resources */ = {isa = PBXBuildFile; fileRef = F9A06A4625A45F260057873C /* Preview Assets.xcassets */; };
		F9A06A4A25A45F260057873C /* LaunchScreen.storyboard in Resources */ = {isa = PBXBuildFile; fileRef = F9A06A4825A45F260057873C /* LaunchScreen.storyboard */; };
		F9A06A7425A469C10057873C /* FirebaseAppDistribution-Beta in Frameworks */ = {isa = PBXBuildFile; productRef = F9A06A7325A469C10057873C /* FirebaseAppDistribution-Beta */; };
		F9A06A7625A469C10057873C /* FirebaseInstallations in Frameworks */ = {isa = PBXBuildFile; productRef = F9A06A7525A469C10057873C /* FirebaseInstallations */; };
		F9A06A7825A469C10057873C /* FirebaseMessaging in Frameworks */ = {isa = PBXBuildFile; productRef = F9A06A7725A469C10057873C /* FirebaseMessaging */; };
		F9A06A7A25A469C10057873C /* FirebaseDynamicLinks in Frameworks */ = {isa = PBXBuildFile; productRef = F9A06A7925A469C10057873C /* FirebaseDynamicLinks */; };
		F9A06A7C25A469C10057873C /* FirebaseFirestoreSwift-Beta in Frameworks */ = {isa = PBXBuildFile; productRef = F9A06A7B25A469C10057873C /* FirebaseFirestoreSwift-Beta */; };
		F9A06A7E25A469C10057873C /* FirebaseInAppMessaging-Beta in Frameworks */ = {isa = PBXBuildFile; productRef = F9A06A7D25A469C10057873C /* FirebaseInAppMessaging-Beta */; };
		F9A06A8025A469C10057873C /* FirebaseAuth in Frameworks */ = {isa = PBXBuildFile; productRef = F9A06A7F25A469C10057873C /* FirebaseAuth */; };
		F9A06A8225A469C10057873C /* FirebaseAnalytics in Frameworks */ = {isa = PBXBuildFile; productRef = F9A06A8125A469C10057873C /* FirebaseAnalytics */; };
		F9A06A8425A469C10057873C /* FirebaseStorage in Frameworks */ = {isa = PBXBuildFile; productRef = F9A06A8325A469C10057873C /* FirebaseStorage */; };
		F9A06A8625A469C10057873C /* FirebaseFirestore in Frameworks */ = {isa = PBXBuildFile; productRef = F9A06A8525A469C10057873C /* FirebaseFirestore */; };
		F9A06A8825A469C10057873C /* FirebaseDatabase in Frameworks */ = {isa = PBXBuildFile; productRef = F9A06A8725A469C10057873C /* FirebaseDatabase */; };
		F9A06A8A25A469C10057873C /* FirebaseFunctions in Frameworks */ = {isa = PBXBuildFile; productRef = F9A06A8925A469C10057873C /* FirebaseFunctions */; };
		F9A06A8C25A469C10057873C /* FirebaseCrashlytics in Frameworks */ = {isa = PBXBuildFile; productRef = F9A06A8B25A469C10057873C /* FirebaseCrashlytics */; };
		F9A06A8E25A469C10057873C /* FirebaseRemoteConfig in Frameworks */ = {isa = PBXBuildFile; productRef = F9A06A8D25A469C10057873C /* FirebaseRemoteConfig */; };
		F9A06A9025A469C10057873C /* FirebaseStorageSwift-Beta in Frameworks */ = {isa = PBXBuildFile; productRef = F9A06A8F25A469C10057873C /* FirebaseStorageSwift-Beta */; };
		F9A06A9225A469C10057873C /* GoogleUtilities_UserDefaults in Frameworks */ = {isa = PBXBuildFile; productRef = F9A06A9125A469C10057873C /* GoogleUtilities_UserDefaults */; };
		F9A06A9525A48CF40057873C /* GoogleService-Info.plist in Resources */ = {isa = PBXBuildFile; fileRef = F9A06A9425A48CF30057873C /* GoogleService-Info.plist */; };
		F9A06A9925A48F4B0057873C /* CardRepository.swift in Sources */ = {isa = PBXBuildFile; fileRef = F9A06A9825A48F4B0057873C /* CardRepository.swift */; };
		F9A06A9E25A490A00057873C /* Card.swift in Sources */ = {isa = PBXBuildFile; fileRef = F9A06A9D25A490A00057873C /* Card.swift */; };
		F9A06AA225A4A0720057873C /* CardListViewModel.swift in Sources */ = {isa = PBXBuildFile; fileRef = F9A06AA125A4A0720057873C /* CardListViewModel.swift */; };
		F9A06AA725A4A1BB0057873C /* NewCardForm.swift in Sources */ = {isa = PBXBuildFile; fileRef = F9A06AA625A4A1BB0057873C /* NewCardForm.swift */; };
		F9A06AAC25A4A4320057873C /* CardListView.swift in Sources */ = {isa = PBXBuildFile; fileRef = F9A06AAB25A4A4320057873C /* CardListView.swift */; };
		F9A06AB025A4B0CD0057873C /* CardViewModel.swift in Sources */ = {isa = PBXBuildFile; fileRef = F9A06AAF25A4B0CD0057873C /* CardViewModel.swift */; };
		F9A06AB325A4BD100057873C /* CardView.swift in Sources */ = {isa = PBXBuildFile; fileRef = F9A06AB225A4BD100057873C /* CardView.swift */; };
		F9A06AB725A5AEBE0057873C /* AuthenticationService.swift in Sources */ = {isa = PBXBuildFile; fileRef = F9A06AB625A5AEBD0057873C /* AuthenticationService.swift */; };
/* End PBXBuildFile section */

/* Begin PBXFileReference section */
		F9A06A3A25A45F1B0057873C /* FireCardsRep.app */ = {isa = PBXFileReference; explicitFileType = wrapper.application; includeInIndex = 0; path = FireCardsRep.app; sourceTree = BUILT_PRODUCTS_DIR; };
		F9A06A3D25A45F1B0057873C /* AppDelegate.swift */ = {isa = PBXFileReference; lastKnownFileType = sourcecode.swift; path = AppDelegate.swift; sourceTree = "<group>"; };
		F9A06A3F25A45F1B0057873C /* SceneDelegate.swift */ = {isa = PBXFileReference; lastKnownFileType = sourcecode.swift; path = SceneDelegate.swift; sourceTree = "<group>"; };
		F9A06A4125A45F1B0057873C /* ContentView.swift */ = {isa = PBXFileReference; lastKnownFileType = sourcecode.swift; path = ContentView.swift; sourceTree = "<group>"; };
		F9A06A4325A45F260057873C /* Assets.xcassets */ = {isa = PBXFileReference; lastKnownFileType = folder.assetcatalog; path = Assets.xcassets; sourceTree = "<group>"; };
		F9A06A4625A45F260057873C /* Preview Assets.xcassets */ = {isa = PBXFileReference; lastKnownFileType = folder.assetcatalog; path = "Preview Assets.xcassets"; sourceTree = "<group>"; };
		F9A06A4925A45F260057873C /* Base */ = {isa = PBXFileReference; lastKnownFileType = file.storyboard; name = Base; path = Base.lproj/LaunchScreen.storyboard; sourceTree = "<group>"; };
		F9A06A4B25A45F260057873C /* Info.plist */ = {isa = PBXFileReference; lastKnownFileType = text.plist.xml; path = Info.plist; sourceTree = "<group>"; };
		F9A06A9425A48CF30057873C /* GoogleService-Info.plist */ = {isa = PBXFileReference; fileEncoding = 4; lastKnownFileType = text.plist.xml; path = "GoogleService-Info.plist"; sourceTree = "<group>"; };
		F9A06A9825A48F4B0057873C /* CardRepository.swift */ = {isa = PBXFileReference; lastKnownFileType = sourcecode.swift; path = CardRepository.swift; sourceTree = "<group>"; };
		F9A06A9D25A490A00057873C /* Card.swift */ = {isa = PBXFileReference; lastKnownFileType = sourcecode.swift; path = Card.swift; sourceTree = "<group>"; };
		F9A06AA125A4A0720057873C /* CardListViewModel.swift */ = {isa = PBXFileReference; lastKnownFileType = sourcecode.swift; path = CardListViewModel.swift; sourceTree = "<group>"; };
		F9A06AA625A4A1BB0057873C /* NewCardForm.swift */ = {isa = PBXFileReference; lastKnownFileType = sourcecode.swift; path = NewCardForm.swift; sourceTree = "<group>"; };
		F9A06AAB25A4A4320057873C /* CardListView.swift */ = {isa = PBXFileReference; lastKnownFileType = sourcecode.swift; path = CardListView.swift; sourceTree = "<group>"; };
		F9A06AAF25A4B0CD0057873C /* CardViewModel.swift */ = {isa = PBXFileReference; lastKnownFileType = sourcecode.swift; path = CardViewModel.swift; sourceTree = "<group>"; };
		F9A06AB225A4BD100057873C /* CardView.swift */ = {isa = PBXFileReference; lastKnownFileType = sourcecode.swift; path = CardView.swift; sourceTree = "<group>"; };
		F9A06AB625A5AEBD0057873C /* AuthenticationService.swift */ = {isa = PBXFileReference; lastKnownFileType = sourcecode.swift; path = AuthenticationService.swift; sourceTree = "<group>"; };
/* End PBXFileReference section */

/* Begin PBXFrameworksBuildPhase section */
		F9A06A3725A45F1B0057873C /* Frameworks */ = {
			isa = PBXFrameworksBuildPhase;
			buildActionMask = 2147483647;
			files = (
				F9A06A7825A469C10057873C /* FirebaseMessaging in Frameworks */,
				F9A06A7425A469C10057873C /* FirebaseAppDistribution-Beta in Frameworks */,
				F9A06A8425A469C10057873C /* FirebaseStorage in Frameworks */,
				F9A06A8E25A469C10057873C /* FirebaseRemoteConfig in Frameworks */,
				F9A06A8A25A469C10057873C /* FirebaseFunctions in Frameworks */,
				F9A06A9025A469C10057873C /* FirebaseStorageSwift-Beta in Frameworks */,
				F9A06A8625A469C10057873C /* FirebaseFirestore in Frameworks */,
				F9A06A8225A469C10057873C /* FirebaseAnalytics in Frameworks */,
				F9A06A7C25A469C10057873C /* FirebaseFirestoreSwift-Beta in Frameworks */,
				F9A06A7625A469C10057873C /* FirebaseInstallations in Frameworks */,
				F9A06A7A25A469C10057873C /* FirebaseDynamicLinks in Frameworks */,
				F9A06A9225A469C10057873C /* GoogleUtilities_UserDefaults in Frameworks */,
				F9A06A8C25A469C10057873C /* FirebaseCrashlytics in Frameworks */,
				F9A06A8825A469C10057873C /* FirebaseDatabase in Frameworks */,
				F9A06A8025A469C10057873C /* FirebaseAuth in Frameworks */,
				F9A06A7E25A469C10057873C /* FirebaseInAppMessaging-Beta in Frameworks */,
			);
			runOnlyForDeploymentPostprocessing = 0;
		};
/* End PBXFrameworksBuildPhase section */

/* Begin PBXGroup section */
		F9A06A3125A45F1A0057873C = {
			isa = PBXGroup;
			children = (
				F9A06A3C25A45F1B0057873C /* FireCardsRep */,
				F9A06A3B25A45F1B0057873C /* Products */,
			);
			sourceTree = "<group>";
		};
		F9A06A3B25A45F1B0057873C /* Products */ = {
			isa = PBXGroup;
			children = (
				F9A06A3A25A45F1B0057873C /* FireCardsRep.app */,
			);
			name = Products;
			sourceTree = "<group>";
		};
		F9A06A3C25A45F1B0057873C /* FireCardsRep */ = {
			isa = PBXGroup;
			children = (
				F9A06AB525A5AE9E0057873C /* Services */,
				F9A06AA525A4A15C0057873C /* Views */,
				F9A06AA025A4A0500057873C /* ViewModels */,
				F9A06A9C25A4906F0057873C /* Models */,
				F9A06A9725A48EC10057873C /* Repositories */,
				F9A06A3D25A45F1B0057873C /* AppDelegate.swift */,
				F9A06A3F25A45F1B0057873C /* SceneDelegate.swift */,
				F9A06A4125A45F1B0057873C /* ContentView.swift */,
				F9A06A4325A45F260057873C /* Assets.xcassets */,
				F9A06A4825A45F260057873C /* LaunchScreen.storyboard */,
				F9A06A4B25A45F260057873C /* Info.plist */,
				F9A06A9425A48CF30057873C /* GoogleService-Info.plist */,
				F9A06A4525A45F260057873C /* Preview Content */,
			);
			path = FireCardsRep;
			sourceTree = "<group>";
		};
		F9A06A4525A45F260057873C /* Preview Content */ = {
			isa = PBXGroup;
			children = (
				F9A06A4625A45F260057873C /* Preview Assets.xcassets */,
			);
			path = "Preview Content";
			sourceTree = "<group>";
		};
		F9A06A9725A48EC10057873C /* Repositories */ = {
			isa = PBXGroup;
			children = (
				F9A06A9825A48F4B0057873C /* CardRepository.swift */,
			);
			path = Repositories;
			sourceTree = "<group>";
		};
		F9A06A9C25A4906F0057873C /* Models */ = {
			isa = PBXGroup;
			children = (
				F9A06A9D25A490A00057873C /* Card.swift */,
			);
			path = Models;
			sourceTree = "<group>";
		};
		F9A06AA025A4A0500057873C /* ViewModels */ = {
			isa = PBXGroup;
			children = (
				F9A06AA125A4A0720057873C /* CardListViewModel.swift */,
				F9A06AAF25A4B0CD0057873C /* CardViewModel.swift */,
			);
			path = ViewModels;
			sourceTree = "<group>";
		};
		F9A06AA525A4A15C0057873C /* Views */ = {
			isa = PBXGroup;
			children = (
				F9A06AAA25A4A3EE0057873C /* Card */,
			);
			path = Views;
			sourceTree = "<group>";
		};
		F9A06AAA25A4A3EE0057873C /* Card */ = {
			isa = PBXGroup;
			children = (
				F9A06AA625A4A1BB0057873C /* NewCardForm.swift */,
				F9A06AAB25A4A4320057873C /* CardListView.swift */,
				F9A06AB225A4BD100057873C /* CardView.swift */,
			);
			path = Card;
			sourceTree = "<group>";
		};
		F9A06AB525A5AE9E0057873C /* Services */ = {
			isa = PBXGroup;
			children = (
				F9A06AB625A5AEBD0057873C /* AuthenticationService.swift */,
			);
			path = Services;
			sourceTree = "<group>";
		};
/* End PBXGroup section */

/* Begin PBXNativeTarget section */
		F9A06A3925A45F1B0057873C /* FireCardsRep */ = {
			isa = PBXNativeTarget;
			buildConfigurationList = F9A06A4E25A45F260057873C /* Build configuration list for PBXNativeTarget "FireCardsRep" */;
			buildPhases = (
				F9A06A3625A45F1B0057873C /* Sources */,
				F9A06A3725A45F1B0057873C /* Frameworks */,
				F9A06A3825A45F1B0057873C /* Resources */,
			);
			buildRules = (
			);
			dependencies = (
			);
			name = FireCardsRep;
			packageProductDependencies = (
				F9A06A7325A469C10057873C /* FirebaseAppDistribution-Beta */,
				F9A06A7525A469C10057873C /* FirebaseInstallations */,
				F9A06A7725A469C10057873C /* FirebaseMessaging */,
				F9A06A7925A469C10057873C /* FirebaseDynamicLinks */,
				F9A06A7B25A469C10057873C /* FirebaseFirestoreSwift-Beta */,
				F9A06A7D25A469C10057873C /* FirebaseInAppMessaging-Beta */,
				F9A06A7F25A469C10057873C /* FirebaseAuth */,
				F9A06A8125A469C10057873C /* FirebaseAnalytics */,
				F9A06A8325A469C10057873C /* FirebaseStorage */,
				F9A06A8525A469C10057873C /* FirebaseFirestore */,
				F9A06A8725A469C10057873C /* FirebaseDatabase */,
				F9A06A8925A469C10057873C /* FirebaseFunctions */,
				F9A06A8B25A469C10057873C /* FirebaseCrashlytics */,
				F9A06A8D25A469C10057873C /* FirebaseRemoteConfig */,
				F9A06A8F25A469C10057873C /* FirebaseStorageSwift-Beta */,
				F9A06A9125A469C10057873C /* GoogleUtilities_UserDefaults */,
			);
			productName = FireCardsRep;
			productReference = F9A06A3A25A45F1B0057873C /* FireCardsRep.app */;
			productType = "com.apple.product-type.application";
		};
/* End PBXNativeTarget section */

/* Begin PBXProject section */
		F9A06A3225A45F1A0057873C /* Project object */ = {
			isa = PBXProject;
			attributes = {
				LastSwiftUpdateCheck = 1210;
				LastUpgradeCheck = 1210;
				TargetAttributes = {
					F9A06A3925A45F1B0057873C = {
						CreatedOnToolsVersion = 12.1;
					};
				};
			};
			buildConfigurationList = F9A06A3525A45F1A0057873C /* Build configuration list for PBXProject "FireCardsRep" */;
			compatibilityVersion = "Xcode 9.3";
			developmentRegion = en;
			hasScannedForEncodings = 0;
			knownRegions = (
				en,
				Base,
			);
			mainGroup = F9A06A3125A45F1A0057873C;
			packageReferences = (
				F9A06A7225A469C10057873C /* XCRemoteSwiftPackageReference "firebase-ios-sdk" */,
			);
			productRefGroup = F9A06A3B25A45F1B0057873C /* Products */;
			projectDirPath = "";
			projectRoot = "";
			targets = (
				F9A06A3925A45F1B0057873C /* FireCardsRep */,
			);
		};
/* End PBXProject section */

/* Begin PBXResourcesBuildPhase section */
		F9A06A3825A45F1B0057873C /* Resources */ = {
			isa = PBXResourcesBuildPhase;
			buildActionMask = 2147483647;
			files = (
				F9A06A4A25A45F260057873C /* LaunchScreen.storyboard in Resources */,
				F9A06A9525A48CF40057873C /* GoogleService-Info.plist in Resources */,
				F9A06A4725A45F260057873C /* Preview Assets.xcassets in Resources */,
				F9A06A4425A45F260057873C /* Assets.xcassets in Resources */,
			);
			runOnlyForDeploymentPostprocessing = 0;
		};
/* End PBXResourcesBuildPhase section */

/* Begin PBXSourcesBuildPhase section */
		F9A06A3625A45F1B0057873C /* Sources */ = {
			isa = PBXSourcesBuildPhase;
			buildActionMask = 2147483647;
			files = (
				F9A06A3E25A45F1B0057873C /* AppDelegate.swift in Sources */,
				F9A06A9925A48F4B0057873C /* CardRepository.swift in Sources */,
				F9A06AA725A4A1BB0057873C /* NewCardForm.swift in Sources */,
				F9A06A9E25A490A00057873C /* Card.swift in Sources */,
				F9A06AB725A5AEBE0057873C /* AuthenticationService.swift in Sources */,
				F9A06AB325A4BD100057873C /* CardView.swift in Sources */,
				F9A06A4025A45F1B0057873C /* SceneDelegate.swift in Sources */,
				F9A06AA225A4A0720057873C /* CardListViewModel.swift in Sources */,
				F9A06AAC25A4A4320057873C /* CardListView.swift in Sources */,
				F9A06A4225A45F1B0057873C /* ContentView.swift in Sources */,
				F9A06AB025A4B0CD0057873C /* CardViewModel.swift in Sources */,
			);
			runOnlyForDeploymentPostprocessing = 0;
		};
/* End PBXSourcesBuildPhase section */

/* Begin PBXVariantGroup section */
		F9A06A4825A45F260057873C /* LaunchScreen.storyboard */ = {
			isa = PBXVariantGroup;
			children = (
				F9A06A4925A45F260057873C /* Base */,
			);
			name = LaunchScreen.storyboard;
			sourceTree = "<group>";
		};
/* End PBXVariantGroup section */

/* Begin XCBuildConfiguration section */
		F9A06A4C25A45F260057873C /* Debug */ = {
			isa = XCBuildConfiguration;
			buildSettings = {
				ALWAYS_SEARCH_USER_PATHS = NO;
				CLANG_ANALYZER_NONNULL = YES;
				CLANG_ANALYZER_NUMBER_OBJECT_CONVERSION = YES_AGGRESSIVE;
				CLANG_CXX_LANGUAGE_STANDARD = "gnu++14";
				CLANG_CXX_LIBRARY = "libc++";
				CLANG_ENABLE_MODULES = YES;
				CLANG_ENABLE_OBJC_ARC = YES;
				CLANG_ENABLE_OBJC_WEAK = YES;
				CLANG_WARN_BLOCK_CAPTURE_AUTORELEASING = YES;
				CLANG_WARN_BOOL_CONVERSION = YES;
				CLANG_WARN_COMMA = YES;
				CLANG_WARN_CONSTANT_CONVERSION = YES;
				CLANG_WARN_DEPRECATED_OBJC_IMPLEMENTATIONS = YES;
				CLANG_WARN_DIRECT_OBJC_ISA_USAGE = YES_ERROR;
				CLANG_WARN_DOCUMENTATION_COMMENTS = YES;
				CLANG_WARN_EMPTY_BODY = YES;
				CLANG_WARN_ENUM_CONVERSION = YES;
				CLANG_WARN_INFINITE_RECURSION = YES;
				CLANG_WARN_INT_CONVERSION = YES;
				CLANG_WARN_NON_LITERAL_NULL_CONVERSION = YES;
				CLANG_WARN_OBJC_IMPLICIT_RETAIN_SELF = YES;
				CLANG_WARN_OBJC_LITERAL_CONVERSION = YES;
				CLANG_WARN_OBJC_ROOT_CLASS = YES_ERROR;
				CLANG_WARN_QUOTED_INCLUDE_IN_FRAMEWORK_HEADER = YES;
				CLANG_WARN_RANGE_LOOP_ANALYSIS = YES;
				CLANG_WARN_STRICT_PROTOTYPES = YES;
				CLANG_WARN_SUSPICIOUS_MOVE = YES;
				CLANG_WARN_UNGUARDED_AVAILABILITY = YES_AGGRESSIVE;
				CLANG_WARN_UNREACHABLE_CODE = YES;
				CLANG_WARN__DUPLICATE_METHOD_MATCH = YES;
				COPY_PHASE_STRIP = NO;
				DEBUG_INFORMATION_FORMAT = dwarf;
				ENABLE_STRICT_OBJC_MSGSEND = YES;
				ENABLE_TESTABILITY = YES;
				GCC_C_LANGUAGE_STANDARD = gnu11;
				GCC_DYNAMIC_NO_PIC = NO;
				GCC_NO_COMMON_BLOCKS = YES;
				GCC_OPTIMIZATION_LEVEL = 0;
				GCC_PREPROCESSOR_DEFINITIONS = (
					"DEBUG=1",
					"$(inherited)",
				);
				GCC_WARN_64_TO_32_BIT_CONVERSION = YES;
				GCC_WARN_ABOUT_RETURN_TYPE = YES_ERROR;
				GCC_WARN_UNDECLARED_SELECTOR = YES;
				GCC_WARN_UNINITIALIZED_AUTOS = YES_AGGRESSIVE;
				GCC_WARN_UNUSED_FUNCTION = YES;
				GCC_WARN_UNUSED_VARIABLE = YES;
				IPHONEOS_DEPLOYMENT_TARGET = 14.1;
				MTL_ENABLE_DEBUG_INFO = INCLUDE_SOURCE;
				MTL_FAST_MATH = YES;
				ONLY_ACTIVE_ARCH = YES;
				SDKROOT = iphoneos;
				SWIFT_ACTIVE_COMPILATION_CONDITIONS = DEBUG;
				SWIFT_OPTIMIZATION_LEVEL = "-Onone";
			};
			name = Debug;
		};
		F9A06A4D25A45F260057873C /* Release */ = {
			isa = XCBuildConfiguration;
			buildSettings = {
				ALWAYS_SEARCH_USER_PATHS = NO;
				CLANG_ANALYZER_NONNULL = YES;
				CLANG_ANALYZER_NUMBER_OBJECT_CONVERSION = YES_AGGRESSIVE;
				CLANG_CXX_LANGUAGE_STANDARD = "gnu++14";
				CLANG_CXX_LIBRARY = "libc++";
				CLANG_ENABLE_MODULES = YES;
				CLANG_ENABLE_OBJC_ARC = YES;
				CLANG_ENABLE_OBJC_WEAK = YES;
				CLANG_WARN_BLOCK_CAPTURE_AUTORELEASING = YES;
				CLANG_WARN_BOOL_CONVERSION = YES;
				CLANG_WARN_COMMA = YES;
				CLANG_WARN_CONSTANT_CONVERSION = YES;
				CLANG_WARN_DEPRECATED_OBJC_IMPLEMENTATIONS = YES;
				CLANG_WARN_DIRECT_OBJC_ISA_USAGE = YES_ERROR;
				CLANG_WARN_DOCUMENTATION_COMMENTS = YES;
				CLANG_WARN_EMPTY_BODY = YES;
				CLANG_WARN_ENUM_CONVERSION = YES;
				CLANG_WARN_INFINITE_RECURSION = YES;
				CLANG_WARN_INT_CONVERSION = YES;
				CLANG_WARN_NON_LITERAL_NULL_CONVERSION = YES;
				CLANG_WARN_OBJC_IMPLICIT_RETAIN_SELF = YES;
				CLANG_WARN_OBJC_LITERAL_CONVERSION = YES;
				CLANG_WARN_OBJC_ROOT_CLASS = YES_ERROR;
				CLANG_WARN_QUOTED_INCLUDE_IN_FRAMEWORK_HEADER = YES;
				CLANG_WARN_RANGE_LOOP_ANALYSIS = YES;
				CLANG_WARN_STRICT_PROTOTYPES = YES;
				CLANG_WARN_SUSPICIOUS_MOVE = YES;
				CLANG_WARN_UNGUARDED_AVAILABILITY = YES_AGGRESSIVE;
				CLANG_WARN_UNREACHABLE_CODE = YES;
				CLANG_WARN__DUPLICATE_METHOD_MATCH = YES;
				COPY_PHASE_STRIP = NO;
				DEBUG_INFORMATION_FORMAT = "dwarf-with-dsym";
				ENABLE_NS_ASSERTIONS = NO;
				ENABLE_STRICT_OBJC_MSGSEND = YES;
				GCC_C_LANGUAGE_STANDARD = gnu11;
				GCC_NO_COMMON_BLOCKS = YES;
				GCC_WARN_64_TO_32_BIT_CONVERSION = YES;
				GCC_WARN_ABOUT_RETURN_TYPE = YES_ERROR;
				GCC_WARN_UNDECLARED_SELECTOR = YES;
				GCC_WARN_UNINITIALIZED_AUTOS = YES_AGGRESSIVE;
				GCC_WARN_UNUSED_FUNCTION = YES;
				GCC_WARN_UNUSED_VARIABLE = YES;
				IPHONEOS_DEPLOYMENT_TARGET = 14.1;
				MTL_ENABLE_DEBUG_INFO = NO;
				MTL_FAST_MATH = YES;
				SDKROOT = iphoneos;
				SWIFT_COMPILATION_MODE = wholemodule;
				SWIFT_OPTIMIZATION_LEVEL = "-O";
				VALIDATE_PRODUCT = YES;
			};
			name = Release;
		};
		F9A06A4F25A45F260057873C /* Debug */ = {
			isa = XCBuildConfiguration;
			buildSettings = {
				ASSETCATALOG_COMPILER_APPICON_NAME = AppIcon;
				ASSETCATALOG_COMPILER_GLOBAL_ACCENT_COLOR_NAME = AccentColor;
				CODE_SIGN_STYLE = Automatic;
				DEVELOPMENT_ASSET_PATHS = "\"FireCardsRep/Preview Content\"";
				DEVELOPMENT_TEAM = L6T2S9K4GS;
				ENABLE_PREVIEWS = YES;
				INFOPLIST_FILE = FireCardsRep/Info.plist;
				LD_RUNPATH_SEARCH_PATHS = (
					"$(inherited)",
					"@executable_path/Frameworks",
				);
				PRODUCT_BUNDLE_IDENTIFIER = slavabily.FireCardsRep;
				PRODUCT_NAME = "$(TARGET_NAME)";
				SWIFT_VERSION = 5.0;
				TARGETED_DEVICE_FAMILY = "1,2";
			};
			name = Debug;
		};
		F9A06A5025A45F260057873C /* Release */ = {
			isa = XCBuildConfiguration;
			buildSettings = {
				ASSETCATALOG_COMPILER_APPICON_NAME = AppIcon;
				ASSETCATALOG_COMPILER_GLOBAL_ACCENT_COLOR_NAME = AccentColor;
				CODE_SIGN_STYLE = Automatic;
				DEVELOPMENT_ASSET_PATHS = "\"FireCardsRep/Preview Content\"";
				DEVELOPMENT_TEAM = L6T2S9K4GS;
				ENABLE_PREVIEWS = YES;
				INFOPLIST_FILE = FireCardsRep/Info.plist;
				LD_RUNPATH_SEARCH_PATHS = (
					"$(inherited)",
					"@executable_path/Frameworks",
				);
				PRODUCT_BUNDLE_IDENTIFIER = slavabily.FireCardsRep;
				PRODUCT_NAME = "$(TARGET_NAME)";
				SWIFT_VERSION = 5.0;
				TARGETED_DEVICE_FAMILY = "1,2";
			};
			name = Release;
		};
/* End XCBuildConfiguration section */

/* Begin XCConfigurationList section */
		F9A06A3525A45F1A0057873C /* Build configuration list for PBXProject "FireCardsRep" */ = {
			isa = XCConfigurationList;
			buildConfigurations = (
				F9A06A4C25A45F260057873C /* Debug */,
				F9A06A4D25A45F260057873C /* Release */,
			);
			defaultConfigurationIsVisible = 0;
			defaultConfigurationName = Release;
		};
		F9A06A4E25A45F260057873C /* Build configuration list for PBXNativeTarget "FireCardsRep" */ = {
			isa = XCConfigurationList;
			buildConfigurations = (
				F9A06A4F25A45F260057873C /* Debug */,
				F9A06A5025A45F260057873C /* Release */,
			);
			defaultConfigurationIsVisible = 0;
			defaultConfigurationName = Release;
		};
/* End XCConfigurationList section */

/* Begin XCRemoteSwiftPackageReference section */
		F9A06A7225A469C10057873C /* XCRemoteSwiftPackageReference "firebase-ios-sdk" */ = {
			isa = XCRemoteSwiftPackageReference;
			repositoryURL = "https://github.com/firebase/firebase-ios-sdk";
			requirement = {
				kind = upToNextMajorVersion;
				minimumVersion = 7.1.0;
			};
		};
/* End XCRemoteSwiftPackageReference section */

/* Begin XCSwiftPackageProductDependency section */
		F9A06A7325A469C10057873C /* FirebaseAppDistribution-Beta */ = {
			isa = XCSwiftPackageProductDependency;
			package = F9A06A7225A469C10057873C /* XCRemoteSwiftPackageReference "firebase-ios-sdk" */;
			productName = "FirebaseAppDistribution-Beta";
		};
		F9A06A7525A469C10057873C /* FirebaseInstallations */ = {
			isa = XCSwiftPackageProductDependency;
			package = F9A06A7225A469C10057873C /* XCRemoteSwiftPackageReference "firebase-ios-sdk" */;
			productName = FirebaseInstallations;
		};
		F9A06A7725A469C10057873C /* FirebaseMessaging */ = {
			isa = XCSwiftPackageProductDependency;
			package = F9A06A7225A469C10057873C /* XCRemoteSwiftPackageReference "firebase-ios-sdk" */;
			productName = FirebaseMessaging;
		};
		F9A06A7925A469C10057873C /* FirebaseDynamicLinks */ = {
			isa = XCSwiftPackageProductDependency;
			package = F9A06A7225A469C10057873C /* XCRemoteSwiftPackageReference "firebase-ios-sdk" */;
			productName = FirebaseDynamicLinks;
		};
		F9A06A7B25A469C10057873C /* FirebaseFirestoreSwift-Beta */ = {
			isa = XCSwiftPackageProductDependency;
			package = F9A06A7225A469C10057873C /* XCRemoteSwiftPackageReference "firebase-ios-sdk" */;
			productName = "FirebaseFirestoreSwift-Beta";
		};
		F9A06A7D25A469C10057873C /* FirebaseInAppMessaging-Beta */ = {
			isa = XCSwiftPackageProductDependency;
			package = F9A06A7225A469C10057873C /* XCRemoteSwiftPackageReference "firebase-ios-sdk" */;
			productName = "FirebaseInAppMessaging-Beta";
		};
		F9A06A7F25A469C10057873C /* FirebaseAuth */ = {
			isa = XCSwiftPackageProductDependency;
			package = F9A06A7225A469C10057873C /* XCRemoteSwiftPackageReference "firebase-ios-sdk" */;
			productName = FirebaseAuth;
		};
		F9A06A8125A469C10057873C /* FirebaseAnalytics */ = {
			isa = XCSwiftPackageProductDependency;
			package = F9A06A7225A469C10057873C /* XCRemoteSwiftPackageReference "firebase-ios-sdk" */;
			productName = FirebaseAnalytics;
		};
		F9A06A8325A469C10057873C /* FirebaseStorage */ = {
			isa = XCSwiftPackageProductDependency;
			package = F9A06A7225A469C10057873C /* XCRemoteSwiftPackageReference "firebase-ios-sdk" */;
			productName = FirebaseStorage;
		};
		F9A06A8525A469C10057873C /* FirebaseFirestore */ = {
			isa = XCSwiftPackageProductDependency;
			package = F9A06A7225A469C10057873C /* XCRemoteSwiftPackageReference "firebase-ios-sdk" */;
			productName = FirebaseFirestore;
		};
		F9A06A8725A469C10057873C /* FirebaseDatabase */ = {
			isa = XCSwiftPackageProductDependency;
			package = F9A06A7225A469C10057873C /* XCRemoteSwiftPackageReference "firebase-ios-sdk" */;
			productName = FirebaseDatabase;
		};
		F9A06A8925A469C10057873C /* FirebaseFunctions */ = {
			isa = XCSwiftPackageProductDependency;
			package = F9A06A7225A469C10057873C /* XCRemoteSwiftPackageReference "firebase-ios-sdk" */;
			productName = FirebaseFunctions;
		};
		F9A06A8B25A469C10057873C /* FirebaseCrashlytics */ = {
			isa = XCSwiftPackageProductDependency;
			package = F9A06A7225A469C10057873C /* XCRemoteSwiftPackageReference "firebase-ios-sdk" */;
			productName = FirebaseCrashlytics;
		};
		F9A06A8D25A469C10057873C /* FirebaseRemoteConfig */ = {
			isa = XCSwiftPackageProductDependency;
			package = F9A06A7225A469C10057873C /* XCRemoteSwiftPackageReference "firebase-ios-sdk" */;
			productName = FirebaseRemoteConfig;
		};
		F9A06A8F25A469C10057873C /* FirebaseStorageSwift-Beta */ = {
			isa = XCSwiftPackageProductDependency;
			package = F9A06A7225A469C10057873C /* XCRemoteSwiftPackageReference "firebase-ios-sdk" */;
			productName = "FirebaseStorageSwift-Beta";
		};
		F9A06A9125A469C10057873C /* GoogleUtilities_UserDefaults */ = {
			isa = XCSwiftPackageProductDependency;
			package = F9A06A7225A469C10057873C /* XCRemoteSwiftPackageReference "firebase-ios-sdk" */;
			productName = GoogleUtilities_UserDefaults;
		};
/* End XCSwiftPackageProductDependency section */
	};
	rootObject = F9A06A3225A45F1A0057873C /* Project object */;
}
